
Microsoft Visual Studio Solution File, Format Version 12.00
# Visual Studio 2012
Project("{FAE04EC0-301F-11D3-BF4B-00C04F79EFBC}") = "AKEcommerceAutomation", "AKEcommerceAutomation\AKEcommerceAutomation.csproj", "{99280886-4C28-464E-A24C-E0D25E665D59}"
EndProject
Project("{2150E333-8FDC-42A3-9474-1A3956D46DE8}") = ".nuget", ".nuget", "{8F4F6237-F023-4A12-8325-121901AE738F}"
	ProjectSection(SolutionItems) = preProject
		.nuget\NuGet.Config = .nuget\NuGet.Config
		.nuget\NuGet.exe = .nuget\NuGet.exe
		NuGet.Targets = NuGet.Targets
	EndProjectSection
EndProject
Global
	GlobalSection(SolutionConfigurationPlatforms) = preSolution
		Debug|Any CPU = Debug|Any CPU
		Release|Any CPU = Release|Any CPU
	EndGlobalSection
	GlobalSection(ProjectConfigurationPlatforms) = postSolution
		{99280886-4C28-464E-A24C-E0D25E665D59}.Debug|Any CPU.ActiveCfg = Debug|Any CPU
		{99280886-4C28-464E-A24C-E0D25E665D59}.Debug|Any CPU.Build.0 = Debug|Any CPU
		{99280886-4C28-464E-A24C-E0D25E665D59}.Release|Any CPU.ActiveCfg = Release|Any CPU
		{99280886-4C28-464E-A24C-E0D25E665D59}.Release|Any CPU.Build.0 = Release|Any CPU
	EndGlobalSection
	GlobalSection(SolutionProperties) = preSolution
		HideSolutionNode = FALSE
	EndGlobalSection
EndGlobal
